// !$*UTF8*$!
{
	archiveVersion = 1;
	classes = {
	};
	objectVersion = 56;
	objects = {

/* Begin PBXBuildFile section */
		C56556994DF93C5595827167 /* Pods_VisitIosHealthSdkExampleProject.framework in Frameworks */ = {isa = PBXBuildFile; fileRef = D9C3C15047ABDF81DD1E0053 /* Pods_VisitIosHealthSdkExampleProject.framework */; };
		D398EBF528D93B960073F740 /* AppDelegate.swift in Sources */ = {isa = PBXBuildFile; fileRef = D398EBF428D93B960073F740 /* AppDelegate.swift */; };
		D398EBF728D93B960073F740 /* SceneDelegate.swift in Sources */ = {isa = PBXBuildFile; fileRef = D398EBF628D93B960073F740 /* SceneDelegate.swift */; };
		D398EBF928D93B960073F740 /* ViewController.swift in Sources */ = {isa = PBXBuildFile; fileRef = D398EBF828D93B960073F740 /* ViewController.swift */; };
		D398EBFC28D93B960073F740 /* Main.storyboard in Resources */ = {isa = PBXBuildFile; fileRef = D398EBFA28D93B960073F740 /* Main.storyboard */; };
		D398EBFE28D93B990073F740 /* Assets.xcassets in Resources */ = {isa = PBXBuildFile; fileRef = D398EBFD28D93B990073F740 /* Assets.xcassets */; };
		D398EC0128D93B990073F740 /* LaunchScreen.storyboard in Resources */ = {isa = PBXBuildFile; fileRef = D398EBFF28D93B990073F740 /* LaunchScreen.storyboard */; };
/* End PBXBuildFile section */

/* Begin PBXFileReference section */
		7889BD90C44808760110CB27 /* Pods-VisitIosHealthSdkExampleProject.release.xcconfig */ = {isa = PBXFileReference; includeInIndex = 1; lastKnownFileType = text.xcconfig; name = "Pods-VisitIosHealthSdkExampleProject.release.xcconfig"; path = "Target Support Files/Pods-VisitIosHealthSdkExampleProject/Pods-VisitIosHealthSdkExampleProject.release.xcconfig"; sourceTree = "<group>"; };
		9759ADD4C06E731121EBE3C7 /* Pods-VisitIosHealthSdkExampleProject.debug.xcconfig */ = {isa = PBXFileReference; includeInIndex = 1; lastKnownFileType = text.xcconfig; name = "Pods-VisitIosHealthSdkExampleProject.debug.xcconfig"; path = "Target Support Files/Pods-VisitIosHealthSdkExampleProject/Pods-VisitIosHealthSdkExampleProject.debug.xcconfig"; sourceTree = "<group>"; };
		D398EBF128D93B960073F740 /* VisitIosHealthSdkExampleProject.app */ = {isa = PBXFileReference; explicitFileType = wrapper.application; includeInIndex = 0; path = VisitIosHealthSdkExampleProject.app; sourceTree = BUILT_PRODUCTS_DIR; };
		D398EBF428D93B960073F740 /* AppDelegate.swift */ = {isa = PBXFileReference; lastKnownFileType = sourcecode.swift; path = AppDelegate.swift; sourceTree = "<group>"; };
		D398EBF628D93B960073F740 /* SceneDelegate.swift */ = {isa = PBXFileReference; lastKnownFileType = sourcecode.swift; path = SceneDelegate.swift; sourceTree = "<group>"; };
		D398EBF828D93B960073F740 /* ViewController.swift */ = {isa = PBXFileReference; lastKnownFileType = sourcecode.swift; path = ViewController.swift; sourceTree = "<group>"; };
		D398EBFB28D93B960073F740 /* Base */ = {isa = PBXFileReference; lastKnownFileType = file.storyboard; name = Base; path = Base.lproj/Main.storyboard; sourceTree = "<group>"; };
		D398EBFD28D93B990073F740 /* Assets.xcassets */ = {isa = PBXFileReference; lastKnownFileType = folder.assetcatalog; path = Assets.xcassets; sourceTree = "<group>"; };
		D398EC0028D93B990073F740 /* Base */ = {isa = PBXFileReference; lastKnownFileType = file.storyboard; name = Base; path = Base.lproj/LaunchScreen.storyboard; sourceTree = "<group>"; };
		D398EC0228D93B990073F740 /* Info.plist */ = {isa = PBXFileReference; lastKnownFileType = text.plist.xml; path = Info.plist; sourceTree = "<group>"; };
		D9C3C15047ABDF81DD1E0053 /* Pods_VisitIosHealthSdkExampleProject.framework */ = {isa = PBXFileReference; explicitFileType = wrapper.framework; includeInIndex = 0; path = Pods_VisitIosHealthSdkExampleProject.framework; sourceTree = BUILT_PRODUCTS_DIR; };
/* End PBXFileReference section */

/* Begin PBXFrameworksBuildPhase section */
		D398EBEE28D93B960073F740 /* Frameworks */ = {
			isa = PBXFrameworksBuildPhase;
			buildActionMask = 2147483647;
			files = (
				C56556994DF93C5595827167 /* Pods_VisitIosHealthSdkExampleProject.framework in Frameworks */,
			);
			runOnlyForDeploymentPostprocessing = 0;
		};
/* End PBXFrameworksBuildPhase section */

/* Begin PBXGroup section */
		45B069591D514FFCF8C39DB9 /* Frameworks */ = {
			isa = PBXGroup;
			children = (
				D9C3C15047ABDF81DD1E0053 /* Pods_VisitIosHealthSdkExampleProject.framework */,
			);
			name = Frameworks;
			sourceTree = "<group>";
		};
		D398EBE828D93B960073F740 = {
			isa = PBXGroup;
			children = (
				D398EBF328D93B960073F740 /* VisitIosHealthSdkExampleProject */,
				D398EBF228D93B960073F740 /* Products */,
				EAD8A5820CE99F2D87619DEF /* Pods */,
				45B069591D514FFCF8C39DB9 /* Frameworks */,
			);
			sourceTree = "<group>";
		};
		D398EBF228D93B960073F740 /* Products */ = {
			isa = PBXGroup;
			children = (
				D398EBF128D93B960073F740 /* VisitIosHealthSdkExampleProject.app */,
			);
			name = Products;
			sourceTree = "<group>";
		};
		D398EBF328D93B960073F740 /* VisitIosHealthSdkExampleProject */ = {
			isa = PBXGroup;
			children = (
				D398EBF428D93B960073F740 /* AppDelegate.swift */,
				D398EBF628D93B960073F740 /* SceneDelegate.swift */,
				D398EBF828D93B960073F740 /* ViewController.swift */,
				D398EBFA28D93B960073F740 /* Main.storyboard */,
				D398EBFD28D93B990073F740 /* Assets.xcassets */,
				D398EBFF28D93B990073F740 /* LaunchScreen.storyboard */,
				D398EC0228D93B990073F740 /* Info.plist */,
			);
			path = VisitIosHealthSdkExampleProject;
			sourceTree = "<group>";
		};
		EAD8A5820CE99F2D87619DEF /* Pods */ = {
			isa = PBXGroup;
			children = (
				9759ADD4C06E731121EBE3C7 /* Pods-VisitIosHealthSdkExampleProject.debug.xcconfig */,
				7889BD90C44808760110CB27 /* Pods-VisitIosHealthSdkExampleProject.release.xcconfig */,
			);
			name = Pods;
			path = Pods;
			sourceTree = "<group>";
		};
/* End PBXGroup section */

/* Begin PBXNativeTarget section */
		D398EBF028D93B960073F740 /* VisitIosHealthSdkExampleProject */ = {
			isa = PBXNativeTarget;
			buildConfigurationList = D398EC0528D93B990073F740 /* Build configuration list for PBXNativeTarget "VisitIosHealthSdkExampleProject" */;
			buildPhases = (
				F1D8D946534E497C0F84319F /* [CP] Check Pods Manifest.lock */,
				D398EBED28D93B960073F740 /* Sources */,
				D398EBEE28D93B960073F740 /* Frameworks */,
				D398EBEF28D93B960073F740 /* Resources */,
				EC43A3A029EF554624F89C2F /* [CP] Embed Pods Frameworks */,
			);
			buildRules = (
			);
			dependencies = (
			);
			name = VisitIosHealthSdkExampleProject;
			productName = VisitIosHealthSdkExampleProject;
			productReference = D398EBF128D93B960073F740 /* VisitIosHealthSdkExampleProject.app */;
			productType = "com.apple.product-type.application";
		};
/* End PBXNativeTarget section */

/* Begin PBXProject section */
		D398EBE928D93B960073F740 /* Project object */ = {
			isa = PBXProject;
			attributes = {
				BuildIndependentTargetsInParallel = 1;
				LastSwiftUpdateCheck = 1400;
				LastUpgradeCheck = 1400;
				TargetAttributes = {
					D398EBF028D93B960073F740 = {
						CreatedOnToolsVersion = 14.0;
					};
				};
			};
			buildConfigurationList = D398EBEC28D93B960073F740 /* Build configuration list for PBXProject "VisitIosHealthSdkExampleProject" */;
			compatibilityVersion = "Xcode 14.0";
			developmentRegion = en;
			hasScannedForEncodings = 0;
			knownRegions = (
				en,
				Base,
			);
			mainGroup = D398EBE828D93B960073F740;
			productRefGroup = D398EBF228D93B960073F740 /* Products */;
			projectDirPath = "";
			projectRoot = "";
			targets = (
				D398EBF028D93B960073F740 /* VisitIosHealthSdkExampleProject */,
			);
		};
/* End PBXProject section */

/* Begin PBXResourcesBuildPhase section */
		D398EBEF28D93B960073F740 /* Resources */ = {
			isa = PBXResourcesBuildPhase;
			buildActionMask = 2147483647;
			files = (
				D398EC0128D93B990073F740 /* LaunchScreen.storyboard in Resources */,
				D398EBFE28D93B990073F740 /* Assets.xcassets in Resources */,
				D398EBFC28D93B960073F740 /* Main.storyboard in Resources */,
			);
			runOnlyForDeploymentPostprocessing = 0;
		};
/* End PBXResourcesBuildPhase section */

/* Begin PBXShellScriptBuildPhase section */
		EC43A3A029EF554624F89C2F /* [CP] Embed Pods Frameworks */ = {
			isa = PBXShellScriptBuildPhase;
			buildActionMask = 2147483647;
			files = (
			);
			inputFileListPaths = (
				"${PODS_ROOT}/Target Support Files/Pods-VisitIosHealthSdkExampleProject/Pods-VisitIosHealthSdkExampleProject-frameworks-${CONFIGURATION}-input-files.xcfilelist",
			);
			name = "[CP] Embed Pods Frameworks";
			outputFileListPaths = (
				"${PODS_ROOT}/Target Support Files/Pods-VisitIosHealthSdkExampleProject/Pods-VisitIosHealthSdkExampleProject-frameworks-${CONFIGURATION}-output-files.xcfilelist",
			);
			runOnlyForDeploymentPostprocessing = 0;
			shellPath = /bin/sh;
			shellScript = "\"${PODS_ROOT}/Target Support Files/Pods-VisitIosHealthSdkExampleProject/Pods-VisitIosHealthSdkExampleProject-frameworks.sh\"\n";
			showEnvVarsInLog = 0;
		};
		F1D8D946534E497C0F84319F /* [CP] Check Pods Manifest.lock */ = {
			isa = PBXShellScriptBuildPhase;
			buildActionMask = 2147483647;
			files = (
			);
			inputFileListPaths = (
			);
			inputPaths = (
				"${PODS_PODFILE_DIR_PATH}/Podfile.lock",
				"${PODS_ROOT}/Manifest.lock",
			);
			name = "[CP] Check Pods Manifest.lock";
			outputFileListPaths = (
			);
			outputPaths = (
				"$(DERIVED_FILE_DIR)/Pods-VisitIosHealthSdkExampleProject-checkManifestLockResult.txt",
			);
			runOnlyForDeploymentPostprocessing = 0;
			shellPath = /bin/sh;
			shellScript = "diff \"${PODS_PODFILE_DIR_PATH}/Podfile.lock\" \"${PODS_ROOT}/Manifest.lock\" > /dev/null\nif [ $? != 0 ] ; then\n    # print error to STDERR\n    echo \"error: The sandbox is not in sync with the Podfile.lock. Run 'pod install' or update your CocoaPods installation.\" >&2\n    exit 1\nfi\n# This output is used by Xcode 'outputs' to avoid re-running this script phase.\necho \"SUCCESS\" > \"${SCRIPT_OUTPUT_FILE_0}\"\n";
			showEnvVarsInLog = 0;
		};
/* End PBXShellScriptBuildPhase section */

/* Begin PBXSourcesBuildPhase section */
		D398EBED28D93B960073F740 /* Sources */ = {
			isa = PBXSourcesBuildPhase;
			buildActionMask = 2147483647;
			files = (
				D398EBF928D93B960073F740 /* ViewController.swift in Sources */,
				D398EBF528D93B960073F740 /* AppDelegate.swift in Sources */,
				D398EBF728D93B960073F740 /* SceneDelegate.swift in Sources */,
			);
			runOnlyForDeploymentPostprocessing = 0;
		};
/* End PBXSourcesBuildPhase section */

/* Begin PBXVariantGroup section */
		D398EBFA28D93B960073F740 /* Main.storyboard */ = {
			isa = PBXVariantGroup;
			children = (
				D398EBFB28D93B960073F740 /* Base */,
			);
			name = Main.storyboard;
			sourceTree = "<group>";
		};
		D398EBFF28D93B990073F740 /* LaunchScreen.storyboard */ = {
			isa = PBXVariantGroup;
			children = (
				D398EC0028D93B990073F740 /* Base */,
			);
			name = LaunchScreen.storyboard;
			sourceTree = "<group>";
		};
/* End PBXVariantGroup section */

/* Begin XCBuildConfiguration section */
		D398EC0328D93B990073F740 /* Debug */ = {
			isa = XCBuildConfiguration;
			buildSettings = {
				ALWAYS_SEARCH_USER_PATHS = NO;
				CLANG_ANALYZER_NONNULL = YES;
				CLANG_ANALYZER_NUMBER_OBJECT_CONVERSION = YES_AGGRESSIVE;
				CLANG_CXX_LANGUAGE_STANDARD = "gnu++20";
				CLANG_ENABLE_MODULES = YES;
				CLANG_ENABLE_OBJC_ARC = YES;
				CLANG_ENABLE_OBJC_WEAK = YES;
				CLANG_WARN_BLOCK_CAPTURE_AUTORELEASING = YES;
				CLANG_WARN_BOOL_CONVERSION = YES;
				CLANG_WARN_COMMA = YES;
				CLANG_WARN_CONSTANT_CONVERSION = YES;
				CLANG_WARN_DEPRECATED_OBJC_IMPLEMENTATIONS = YES;
				CLANG_WARN_DIRECT_OBJC_ISA_USAGE = YES_ERROR;
				CLANG_WARN_DOCUMENTATION_COMMENTS = YES;
				CLANG_WARN_EMPTY_BODY = YES;
				CLANG_WARN_ENUM_CONVERSION = YES;
				CLANG_WARN_INFINITE_RECURSION = YES;
				CLANG_WARN_INT_CONVERSION = YES;
				CLANG_WARN_NON_LITERAL_NULL_CONVERSION = YES;
				CLANG_WARN_OBJC_IMPLICIT_RETAIN_SELF = YES;
				CLANG_WARN_OBJC_LITERAL_CONVERSION = YES;
				CLANG_WARN_OBJC_ROOT_CLASS = YES_ERROR;
				CLANG_WARN_QUOTED_INCLUDE_IN_FRAMEWORK_HEADER = YES;
				CLANG_WARN_RANGE_LOOP_ANALYSIS = YES;
				CLANG_WARN_STRICT_PROTOTYPES = YES;
				CLANG_WARN_SUSPICIOUS_MOVE = YES;
				CLANG_WARN_UNGUARDED_AVAILABILITY = YES_AGGRESSIVE;
				CLANG_WARN_UNREACHABLE_CODE = YES;
				CLANG_WARN__DUPLICATE_METHOD_MATCH = YES;
				COPY_PHASE_STRIP = NO;
				DEBUG_INFORMATION_FORMAT = dwarf;
				ENABLE_STRICT_OBJC_MSGSEND = YES;
				ENABLE_TESTABILITY = YES;
				GCC_C_LANGUAGE_STANDARD = gnu11;
				GCC_DYNAMIC_NO_PIC = NO;
				GCC_NO_COMMON_BLOCKS = YES;
				GCC_OPTIMIZATION_LEVEL = 0;
				GCC_PREPROCESSOR_DEFINITIONS = (
					"DEBUG=1",
					"$(inherited)",
				);
				GCC_WARN_64_TO_32_BIT_CONVERSION = YES;
				GCC_WARN_ABOUT_RETURN_TYPE = YES_ERROR;
				GCC_WARN_UNDECLARED_SELECTOR = YES;
				GCC_WARN_UNINITIALIZED_AUTOS = YES_AGGRESSIVE;
				GCC_WARN_UNUSED_FUNCTION = YES;
				GCC_WARN_UNUSED_VARIABLE = YES;
				IPHONEOS_DEPLOYMENT_TARGET = 16.0;
				MTL_ENABLE_DEBUG_INFO = INCLUDE_SOURCE;
				MTL_FAST_MATH = YES;
				ONLY_ACTIVE_ARCH = YES;
				SDKROOT = iphoneos;
				SWIFT_ACTIVE_COMPILATION_CONDITIONS = DEBUG;
				SWIFT_OPTIMIZATION_LEVEL = "-Onone";
			};
			name = Debug;
		};
		D398EC0428D93B990073F740 /* Release */ = {
			isa = XCBuildConfiguration;
			buildSettings = {
				ALWAYS_SEARCH_USER_PATHS = NO;
				CLANG_ANALYZER_NONNULL = YES;
				CLANG_ANALYZER_NUMBER_OBJECT_CONVERSION = YES_AGGRESSIVE;
				CLANG_CXX_LANGUAGE_STANDARD = "gnu++20";
				CLANG_ENABLE_MODULES = YES;
				CLANG_ENABLE_OBJC_ARC = YES;
				CLANG_ENABLE_OBJC_WEAK = YES;
				CLANG_WARN_BLOCK_CAPTURE_AUTORELEASING = YES;
				CLANG_WARN_BOOL_CONVERSION = YES;
				CLANG_WARN_COMMA = YES;
				CLANG_WARN_CONSTANT_CONVERSION = YES;
				CLANG_WARN_DEPRECATED_OBJC_IMPLEMENTATIONS = YES;
				CLANG_WARN_DIRECT_OBJC_ISA_USAGE = YES_ERROR;
				CLANG_WARN_DOCUMENTATION_COMMENTS = YES;
				CLANG_WARN_EMPTY_BODY = YES;
				CLANG_WARN_ENUM_CONVERSION = YES;
				CLANG_WARN_INFINITE_RECURSION = YES;
				CLANG_WARN_INT_CONVERSION = YES;
				CLANG_WARN_NON_LITERAL_NULL_CONVERSION = YES;
				CLANG_WARN_OBJC_IMPLICIT_RETAIN_SELF = YES;
				CLANG_WARN_OBJC_LITERAL_CONVERSION = YES;
				CLANG_WARN_OBJC_ROOT_CLASS = YES_ERROR;
				CLANG_WARN_QUOTED_INCLUDE_IN_FRAMEWORK_HEADER = YES;
				CLANG_WARN_RANGE_LOOP_ANALYSIS = YES;
				CLANG_WARN_STRICT_PROTOTYPES = YES;
				CLANG_WARN_SUSPICIOUS_MOVE = YES;
				CLANG_WARN_UNGUARDED_AVAILABILITY = YES_AGGRESSIVE;
				CLANG_WARN_UNREACHABLE_CODE = YES;
				CLANG_WARN__DUPLICATE_METHOD_MATCH = YES;
				COPY_PHASE_STRIP = NO;
				DEBUG_INFORMATION_FORMAT = "dwarf-with-dsym";
				ENABLE_NS_ASSERTIONS = NO;
				ENABLE_STRICT_OBJC_MSGSEND = YES;
				GCC_C_LANGUAGE_STANDARD = gnu11;
				GCC_NO_COMMON_BLOCKS = YES;
				GCC_WARN_64_TO_32_BIT_CONVERSION = YES;
				GCC_WARN_ABOUT_RETURN_TYPE = YES_ERROR;
				GCC_WARN_UNDECLARED_SELECTOR = YES;
				GCC_WARN_UNINITIALIZED_AUTOS = YES_AGGRESSIVE;
				GCC_WARN_UNUSED_FUNCTION = YES;
				GCC_WARN_UNUSED_VARIABLE = YES;
				IPHONEOS_DEPLOYMENT_TARGET = 16.0;
				MTL_ENABLE_DEBUG_INFO = NO;
				MTL_FAST_MATH = YES;
				SDKROOT = iphoneos;
				SWIFT_COMPILATION_MODE = wholemodule;
				SWIFT_OPTIMIZATION_LEVEL = "-O";
				VALIDATE_PRODUCT = YES;
			};
			name = Release;
		};
		D398EC0628D93B990073F740 /* Debug */ = {
			isa = XCBuildConfiguration;
			baseConfigurationReference = 9759ADD4C06E731121EBE3C7 /* Pods-VisitIosHealthSdkExampleProject.debug.xcconfig */;
			buildSettings = {
				ASSETCATALOG_COMPILER_APPICON_NAME = AppIcon;
				ASSETCATALOG_COMPILER_GLOBAL_ACCENT_COLOR_NAME = AccentColor;
				CODE_SIGN_STYLE = Automatic;
				CURRENT_PROJECT_VERSION = 1;
				DEVELOPMENT_TEAM = AU9UJ3DSGS;
				GENERATE_INFOPLIST_FILE = YES;
				INFOPLIST_FILE = VisitIosHealthSdkExampleProject/Info.plist;
				INFOPLIST_KEY_UIApplicationSupportsIndirectInputEvents = YES;
				INFOPLIST_KEY_UILaunchStoryboardName = LaunchScreen;
				INFOPLIST_KEY_UIMainStoryboardFile = Main;
				INFOPLIST_KEY_UISupportedInterfaceOrientations_iPad = "UIInterfaceOrientationPortrait UIInterfaceOrientationPortraitUpsideDown UIInterfaceOrientationLandscapeLeft UIInterfaceOrientationLandscapeRight";
				INFOPLIST_KEY_UISupportedInterfaceOrientations_iPhone = "UIInterfaceOrientationPortrait UIInterfaceOrientationLandscapeLeft UIInterfaceOrientationLandscapeRight";
				LD_RUNPATH_SEARCH_PATHS = (
					"$(inherited)",
					"@executable_path/Frameworks",
				);
				MARKETING_VERSION = 1.0;
				PRODUCT_BUNDLE_IDENTIFIER = com.visit.sdk.VisitIosHealthSdkExampleProject;
				PRODUCT_NAME = "$(TARGET_NAME)";
				SWIFT_EMIT_LOC_STRINGS = YES;
				SWIFT_VERSION = 5.0;
				TARGETED_DEVICE_FAMILY = "1,2";
			};
			name = Debug;
		};
		D398EC0728D93B990073F740 /* Release */ = {
			isa = XCBuildConfiguration;
			baseConfigurationReference = 7889BD90C44808760110CB27 /* Pods-VisitIosHealthSdkExampleProject.release.xcconfig */;
			buildSettings = {
				ASSETCATALOG_COMPILER_APPICON_NAME = AppIcon;
				ASSETCATALOG_COMPILER_GLOBAL_ACCENT_COLOR_NAME = AccentColor;
				CODE_SIGN_STYLE = Automatic;
				CURRENT_PROJECT_VERSION = 1;
				DEVELOPMENT_TEAM = AU9UJ3DSGS;
				GENERATE_INFOPLIST_FILE = YES;
				INFOPLIST_FILE = VisitIosHealthSdkExampleProject/Info.plist;
				INFOPLIST_KEY_UIApplicationSupportsIndirectInputEvents = YES;
				INFOPLIST_KEY_UILaunchStoryboardName = LaunchScreen;
				INFOPLIST_KEY_UIMainStoryboardFile = Main;
				INFOPLIST_KEY_UISupportedInterfaceOrientations_iPad = "UIInterfaceOrientationPortrait UIInterfaceOrientationPortraitUpsideDown UIInterfaceOrientationLandscapeLeft UIInterfaceOrientationLandscapeRight";
				INFOPLIST_KEY_UISupportedInterfaceOrientations_iPhone = "UIInterfaceOrientationPortrait UIInterfaceOrientationLandscapeLeft UIInterfaceOrientationLandscapeRight";
				LD_RUNPATH_SEARCH_PATHS = (
					"$(inherited)",
					"@executable_path/Frameworks",
				);
				MARKETING_VERSION = 1.0;
				PRODUCT_BUNDLE_IDENTIFIER = com.visit.sdk.VisitIosHealthSdkExampleProject;
				PRODUCT_NAME = "$(TARGET_NAME)";
				SWIFT_EMIT_LOC_STRINGS = YES;
				SWIFT_VERSION = 5.0;
				TARGETED_DEVICE_FAMILY = "1,2";
			};
			name = Release;
		};
/* End XCBuildConfiguration section */

/* Begin XCConfigurationList section */
		D398EBEC28D93B960073F740 /* Build configuration list for PBXProject "VisitIosHealthSdkExampleProject" */ = {
			isa = XCConfigurationList;
			buildConfigurations = (
				D398EC0328D93B990073F740 /* Debug */,
				D398EC0428D93B990073F740 /* Release */,
			);
			defaultConfigurationIsVisible = 0;
			defaultConfigurationName = Release;
		};
		D398EC0528D93B990073F740 /* Build configuration list for PBXNativeTarget "VisitIosHealthSdkExampleProject" */ = {
			isa = XCConfigurationList;
			buildConfigurations = (
				D398EC0628D93B990073F740 /* Debug */,
				D398EC0728D93B990073F740 /* Release */,
			);
			defaultConfigurationIsVisible = 0;
			defaultConfigurationName = Release;
		};
/* End XCConfigurationList section */
	};
	rootObject = D398EBE928D93B960073F740 /* Project object */;
}
